
Microsoft Visual Studio Solution File, Format Version 12.00
# Visual Studio 2013
VisualStudioVersion = 12.0.30324.0
MinimumVisualStudioVersion = 10.0.40219.1
Project("{FAE04EC0-301F-11D3-BF4B-00C04F79EFBC}") = "WebStoragesHM", "WebStoragesHM\WebStoragesHM.csproj", "{333FE369-8905-428D-B9FA-C2A1A056EF94}"
EndProject
Global
	GlobalSection(SolutionConfigurationPlatforms) = preSolution
		Debug|Any CPU = Debug|Any CPU
		Release|Any CPU = Release|Any CPU
	EndGlobalSection
	GlobalSection(ProjectConfigurationPlatforms) = postSolution
		{333FE369-8905-428D-B9FA-C2A1A056EF94}.Debug|Any CPU.ActiveCfg = Debug|Any CPU
		{333FE369-8905-428D-B9FA-C2A1A056EF94}.Debug|Any CPU.Build.0 = Debug|Any CPU
		{333FE369-8905-428D-B9FA-C2A1A056EF94}.Release|Any CPU.ActiveCfg = Release|Any CPU
		{333FE369-8905-428D-B9FA-C2A1A056EF94}.Release|Any CPU.Build.0 = Release|Any CPU
	EndGlobalSection
	GlobalSection(SolutionProperties) = preSolution
		HideSolutionNode = FALSE
	EndGlobalSection
EndGlobal
